
Microsoft Visual Studio Solution File, Format Version 12.00
# Visual Studio 15
VisualStudioVersion = 15.0.28307.168
MinimumVisualStudioVersion = 10.0.40219.1
Project("{FAE04EC0-301F-11D3-BF4B-00C04F79EFBC}") = "BE", "BE\BE.csproj", "{ED8591F5-B137-4859-A493-4FA7E3236643}"
EndProject
Project("{FAE04EC0-301F-11D3-BF4B-00C04F79EFBC}") = "DAL", "DAL\DAL.csproj", "{3C999D0E-A976-4FDD-938E-B0FCB3278ED7}"
EndProject
Project("{FAE04EC0-301F-11D3-BF4B-00C04F79EFBC}") = "DS", "DS\DS.csproj", "{99A74661-987B-4E82-9B7F-0A0B8B634954}"
EndProject
Project("{FAE04EC0-301F-11D3-BF4B-00C04F79EFBC}") = "UI", "UI\UI.csproj", "{87416A64-9D01-4069-9DF9-679EE1DB1714}"
EndProject
Project("{9A19103F-16F7-4668-BE54-9A1E7A4F7556}") = "BL", "BL\BL.csproj", "{15A2BEED-B9F7-465D-9671-D4479404DFA8}"
EndProject
Project("{FAE04EC0-301F-11D3-BF4B-00C04F79EFBC}") = "UIwpf", "UIwpf\UIwpf.csproj", "{E4A5A20E-BBAC-4978-BC7D-7C91E1F8BA60}"
EndProject
Global
	GlobalSection(SolutionConfigurationPlatforms) = preSolution
		Debug|Any CPU = Debug|Any CPU
		Release|Any CPU = Release|Any CPU
	EndGlobalSection
	GlobalSection(ProjectConfigurationPlatforms) = postSolution
		{ED8591F5-B137-4859-A493-4FA7E3236643}.Debug|Any CPU.ActiveCfg = Debug|Any CPU
		{ED8591F5-B137-4859-A493-4FA7E3236643}.Debug|Any CPU.Build.0 = Debug|Any CPU
		{ED8591F5-B137-4859-A493-4FA7E3236643}.Release|Any CPU.ActiveCfg = Release|Any CPU
		{ED8591F5-B137-4859-A493-4FA7E3236643}.Release|Any CPU.Build.0 = Release|Any CPU
		{3C999D0E-A976-4FDD-938E-B0FCB3278ED7}.Debug|Any CPU.ActiveCfg = Debug|Any CPU
		{3C999D0E-A976-4FDD-938E-B0FCB3278ED7}.Debug|Any CPU.Build.0 = Debug|Any CPU
		{3C999D0E-A976-4FDD-938E-B0FCB3278ED7}.Release|Any CPU.ActiveCfg = Release|Any CPU
		{3C999D0E-A976-4FDD-938E-B0FCB3278ED7}.Release|Any CPU.Build.0 = Release|Any CPU
		{99A74661-987B-4E82-9B7F-0A0B8B634954}.Debug|Any CPU.ActiveCfg = Debug|Any CPU
		{99A74661-987B-4E82-9B7F-0A0B8B634954}.Debug|Any CPU.Build.0 = Debug|Any CPU
		{99A74661-987B-4E82-9B7F-0A0B8B634954}.Release|Any CPU.ActiveCfg = Release|Any CPU
		{99A74661-987B-4E82-9B7F-0A0B8B634954}.Release|Any CPU.Build.0 = Release|Any CPU
		{87416A64-9D01-4069-9DF9-679EE1DB1714}.Debug|Any CPU.ActiveCfg = Debug|Any CPU
		{87416A64-9D01-4069-9DF9-679EE1DB1714}.Debug|Any CPU.Build.0 = Debug|Any CPU
		{87416A64-9D01-4069-9DF9-679EE1DB1714}.Release|Any CPU.ActiveCfg = Release|Any CPU
		{87416A64-9D01-4069-9DF9-679EE1DB1714}.Release|Any CPU.Build.0 = Release|Any CPU
		{15A2BEED-B9F7-465D-9671-D4479404DFA8}.Debug|Any CPU.ActiveCfg = Debug|Any CPU
		{15A2BEED-B9F7-465D-9671-D4479404DFA8}.Debug|Any CPU.Build.0 = Debug|Any CPU
		{15A2BEED-B9F7-465D-9671-D4479404DFA8}.Release|Any CPU.ActiveCfg = Release|Any CPU
		{15A2BEED-B9F7-465D-9671-D4479404DFA8}.Release|Any CPU.Build.0 = Release|Any CPU
		{E4A5A20E-BBAC-4978-BC7D-7C91E1F8BA60}.Debug|Any CPU.ActiveCfg = Debug|Any CPU
		{E4A5A20E-BBAC-4978-BC7D-7C91E1F8BA60}.Debug|Any CPU.Build.0 = Debug|Any CPU
		{E4A5A20E-BBAC-4978-BC7D-7C91E1F8BA60}.Release|Any CPU.ActiveCfg = Release|Any CPU
		{E4A5A20E-BBAC-4978-BC7D-7C91E1F8BA60}.Release|Any CPU.Build.0 = Release|Any CPU
	EndGlobalSection
	GlobalSection(SolutionProperties) = preSolution
		HideSolutionNode = FALSE
	EndGlobalSection
	GlobalSection(ExtensibilityGlobals) = postSolution
		SolutionGuid = {B6E2BE76-89F0-442F-BB6F-FBC6CA46680B}
	EndGlobalSection
EndGlobal
